PODS:
  - app_links (6.4.1):
    - Flutter
  - background_downloader (0.0.1):
    - Flutter
  - battery_plus (1.0.0):
    - Flutter
  - connectivity_plus (0.0.1):
    - Flutter
  - Flutter (1.0.0)
  - flutter_gemma (0.11.16):
    - Flutter
    - MediaPipeTasksGenAI (= 0.10.24)
    - MediaPipeTasksGenAIC (= 0.10.24)
    - TensorFlowLiteC (= 0.0.1-nightly.20250619)
    - TensorFlowLiteSelectTfOps (= 0.0.1-nightly.20250619)
    - TensorFlowLiteSwift (= 0.0.1-nightly.20250619)
  - flutter_secure_storage (6.0.0):
    - Flutter
  - large_file_handler (0.0.1):
    - Flutter
  - MediaPipeTasksGenAI (0.10.24):
    - MediaPipeTasksGenAIC (= 0.10.24)
  - MediaPipeTasksGenAIC (0.10.24)
  - path_provider_foundation (0.0.1):
    - Flutter
    - FlutterMacOS
  - shared_preferences_foundation (0.0.1):
    - Flutter
    - FlutterMacOS
  - SQLCipher (4.10.0):
    - SQLCipher/standard (= 4.10.0)
  - SQLCipher/common (4.10.0)
  - SQLCipher/standard (4.10.0):
    - SQLCipher/common
  - sqlcipher_flutter_libs (0.0.1):
    - Flutter
    - SQLCipher (~> 4.10.0)
  - TensorFlowLiteC (0.0.1-nightly.20250619):
    - TensorFlowLiteC/Core (= 0.0.1-nightly.20250619)
  - TensorFlowLiteC/Core (0.0.1-nightly.20250619)
  - TensorFlowLiteSelectTfOps (0.0.1-nightly.20250619)
  - TensorFlowLiteSwift (0.0.1-nightly.20250619):
    - TensorFlowLiteSwift/Core (= 0.0.1-nightly.20250619)
  - TensorFlowLiteSwift/Core (0.0.1-nightly.20250619):
    - TensorFlowLiteC (= 0.0.1-nightly.20250619)
    - TensorFlowLiteSwift/Privacy (= 0.0.1-nightly.20250619)
  - TensorFlowLiteSwift/Privacy (0.0.1-nightly.20250619)
  - url_launcher_ios (0.0.1):
    - Flutter

DEPENDENCIES:
  - app_links (from `.symlinks/plugins/app_links/ios`)
  - background_downloader (from `.symlinks/plugins/background_downloader/ios`)
  - battery_plus (from `.symlinks/plugins/battery_plus/ios`)
  - connectivity_plus (from `.symlinks/plugins/connectivity_plus/ios`)
  - Flutter (from `Flutter`)
  - flutter_gemma (from `.symlinks/plugins/flutter_gemma/ios`)
  - flutter_secure_storage (from `.symlinks/plugins/flutter_secure_storage/ios`)
  - large_file_handler (from `.symlinks/plugins/large_file_handler/ios`)
  - path_provider_foundation (from `.symlinks/plugins/path_provider_foundation/darwin`)
  - shared_preferences_foundation (from `.symlinks/plugins/shared_preferences_foundation/darwin`)
  - sqlcipher_flutter_libs (from `.symlinks/plugins/sqlcipher_flutter_libs/ios`)
  - url_launcher_ios (from `.symlinks/plugins/url_launcher_ios/ios`)

SPEC REPOS:
  trunk:
    - MediaPipeTasksGenAI
    - MediaPipeTasksGenAIC
    - SQLCipher
    - TensorFlowLiteC
    - TensorFlowLiteSelectTfOps
    - TensorFlowLiteSwift

EXTERNAL SOURCES:
  app_links:
    :path: ".symlinks/plugins/app_links/ios"
  background_downloader:
    :path: ".symlinks/plugins/background_downloader/ios"
  battery_plus:
    :path: ".symlinks/plugins/battery_plus/ios"
  connectivity_plus:
    :path: ".symlinks/plugins/connectivity_plus/ios"
  Flutter:
    :path: Flutter
  flutter_gemma:
    :path: ".symlinks/plugins/flutter_gemma/ios"
  flutter_secure_storage:
    :path: ".symlinks/plugins/flutter_secure_storage/ios"
  large_file_handler:
    :path: ".symlinks/plugins/large_file_handler/ios"
  path_provider_foundation:
    :path: ".symlinks/plugins/path_provider_foundation/darwin"
  shared_preferences_foundation:
    :path: ".symlinks/plugins/shared_preferences_foundation/darwin"
  sqlcipher_flutter_libs:
    :path: ".symlinks/plugins/sqlcipher_flutter_libs/ios"
  url_launcher_ios:
    :path: ".symlinks/plugins/url_launcher_ios/ios"

SPEC CHECKSUMS:
  app_links: 3dbc685f76b1693c66a6d9dd1e9ab6f73d97dc0a
  background_downloader: 50e91d979067b82081aba359d7d916b3ba5fadad
  battery_plus: b42253f6d2dde71712f8c36fef456d99121c5977
  connectivity_plus: cb623214f4e1f6ef8fe7403d580fdad517d2f7dd
  Flutter: cabc95a1d2626b1b06e7179b784ebcf0c0cde467
  flutter_gemma: a61bb8893b6b77e1088ec27ed519a0711fc84c30
  flutter_secure_storage: 1ed9476fba7e7a782b22888f956cce43e2c62f13
  large_file_handler: b37481e9b4972562ffcdc8f75700f47cd592bcec
  MediaPipeTasksGenAI: 076ba7032a6e9da16db9c7cf0c3b67c751c18bc1
  MediaPipeTasksGenAIC: ec35d9f431f6a6b651a0bc9f67a4ed149ffa575c
  path_provider_foundation: bb55f6dbba17d0dccd6737fe6f7f34fbd0376880
  shared_preferences_foundation: 7036424c3d8ec98dfe75ff1667cb0cd531ec82bb
  SQLCipher: eb79c64049cb002b4e9fcb30edb7979bf4706dfc
  sqlcipher_flutter_libs: ae224763b087bffb3a5955fe295a1c460d458cb1
  TensorFlowLiteC: 215ef57653dd0fa09a474e7d94d79ae64a870b28
  TensorFlowLiteSelectTfOps: c71d7dcd063f5d66ae1b9a85cc5aa993f824eff9
  TensorFlowLiteSwift: 6de8da348de331778167a0f751ad74c41d8b0554
  url_launcher_ios: 7a95fa5b60cc718a708b8f2966718e93db0cef1b

PODFILE CHECKSUM: 3d67908c83cd839e57aeb770e4b61ef896c409e5

COCOAPODS: 1.16.2
